// !$*UTF8*$!
{
	archiveVersion = 1;
	classes = {
	};
	objectVersion = 50;
	objects = {

/* Begin PBXBuildFile section */
		3C667AF926176CBF00709902 /* Bundle+getInfoValue.swift in Sources */ = {isa = PBXBuildFile; fileRef = 3C667AF826176CBF00709902 /* Bundle+getInfoValue.swift */; };
		3C667B162617BC5E00709902 /* Date+Utils.swift in Sources */ = {isa = PBXBuildFile; fileRef = 3C667B152617BC5E00709902 /* Date+Utils.swift */; };
		3C667B1D2617E58B00709902 /* LocationRequest.swift in Sources */ = {isa = PBXBuildFile; fileRef = 3C667B1C2617E58A00709902 /* LocationRequest.swift */; };
		3C667B242617E8E800709902 /* LocationResponse.swift in Sources */ = {isa = PBXBuildFile; fileRef = 3C667B232617E8E800709902 /* LocationResponse.swift */; };
		3C667B2B2617E99E00709902 /* Location.swift in Sources */ = {isa = PBXBuildFile; fileRef = 3C667B2A2617E99E00709902 /* Location.swift */; };
		3C667B322619C85A00709902 /* FlightCard.swift in Sources */ = {isa = PBXBuildFile; fileRef = 3C667B312619C85A00709902 /* FlightCard.swift */; };
		3C667B3C261A015900709902 /* Int+toReadbleDuration.swift in Sources */ = {isa = PBXBuildFile; fileRef = 3C667B3B261A015800709902 /* Int+toReadbleDuration.swift */; };
		3C667B47261A1B1C00709902 /* HomeViewController.swift in Sources */ = {isa = PBXBuildFile; fileRef = 3C667B46261A1B1C00709902 /* HomeViewController.swift */; };
		3C667B8F261A90D900709902 /* FlightsFilterationTests.swift in Sources */ = {isa = PBXBuildFile; fileRef = 3C667B8E261A90D900709902 /* FlightsFilterationTests.swift */; };
		3C667B9A261B130900709902 /* CoreDataStack.swift in Sources */ = {isa = PBXBuildFile; fileRef = 3C667B99261B130900709902 /* CoreDataStack.swift */; };
		3C667BA2261B13BD00709902 /* FlightsService.swift in Sources */ = {isa = PBXBuildFile; fileRef = 3C667BA1261B13BD00709902 /* FlightsService.swift */; };
		3C667BBA261B16D000709902 /* FlightDstCity+CoreDataClass.swift in Sources */ = {isa = PBXBuildFile; fileRef = 3C667BB8261B16D000709902 /* FlightDstCity+CoreDataClass.swift */; };
		3C667BBB261B16D000709902 /* FlightDstCity+CoreDataProperties.swift in Sources */ = {isa = PBXBuildFile; fileRef = 3C667BB9261B16D000709902 /* FlightDstCity+CoreDataProperties.swift */; };
		3C667BC3261B177700709902 /* TestCoreDataStack.swift in Sources */ = {isa = PBXBuildFile; fileRef = 3C667BC2261B177700709902 /* TestCoreDataStack.swift */; };
		3CDDC07926137B4C00E3827C /* AppDelegate.swift in Sources */ = {isa = PBXBuildFile; fileRef = 3CDDC07826137B4C00E3827C /* AppDelegate.swift */; };
		3CDDC07B26137B4C00E3827C /* SceneDelegate.swift in Sources */ = {isa = PBXBuildFile; fileRef = 3CDDC07A26137B4C00E3827C /* SceneDelegate.swift */; };
		3CDDC08026137B4C00E3827C /* Main.storyboard in Resources */ = {isa = PBXBuildFile; fileRef = 3CDDC07E26137B4C00E3827C /* Main.storyboard */; };
		3CDDC08326137B4C00E3827C /* Traveller.xcdatamodeld in Sources */ = {isa = PBXBuildFile; fileRef = 3CDDC08126137B4C00E3827C /* Traveller.xcdatamodeld */; };
		3CDDC08526137B4E00E3827C /* Assets.xcassets in Resources */ = {isa = PBXBuildFile; fileRef = 3CDDC08426137B4E00E3827C /* Assets.xcassets */; };
		3CDDC08826137B4E00E3827C /* LaunchScreen.storyboard in Resources */ = {isa = PBXBuildFile; fileRef = 3CDDC08626137B4E00E3827C /* LaunchScreen.storyboard */; };
		3CDDC09326137B4E00E3827C /* TravellerTests.swift in Sources */ = {isa = PBXBuildFile; fileRef = 3CDDC09226137B4E00E3827C /* TravellerTests.swift */; };
		3CDDC09E26137B4E00E3827C /* TravellerUITests.swift in Sources */ = {isa = PBXBuildFile; fileRef = 3CDDC09D26137B4E00E3827C /* TravellerUITests.swift */; };
		3CDDC0D12613A95900E3827C /* APIConstants.swift in Sources */ = {isa = PBXBuildFile; fileRef = 3CDDC0D02613A95900E3827C /* APIConstants.swift */; };
		3CDDC0DB2613AA3100E3827C /* APIClient.swift in Sources */ = {isa = PBXBuildFile; fileRef = 3CDDC0DA2613AA3100E3827C /* APIClient.swift */; };
		3CDDC0E82613AA7200E3827C /* APIConfiguration.swift in Sources */ = {isa = PBXBuildFile; fileRef = 3CDDC0E72613AA7200E3827C /* APIConfiguration.swift */; };
		3CDDC0F02613AD4F00E3827C /* NetworkTests.swift in Sources */ = {isa = PBXBuildFile; fileRef = 3CDDC0EE2613AD4F00E3827C /* NetworkTests.swift */; };
		3CDDC1102613B67A00E3827C /* Flight.swift in Sources */ = {isa = PBXBuildFile; fileRef = 3CDDC10F2613B67A00E3827C /* Flight.swift */; };
		3CDDC11A2613B6D900E3827C /* FlightResponse.swift in Sources */ = {isa = PBXBuildFile; fileRef = 3CDDC1192613B6D900E3827C /* FlightResponse.swift */; };
		3CDDC12B2613C9FB00E3827C /* APIResponse.swift in Sources */ = {isa = PBXBuildFile; fileRef = 3CDDC12A2613C9FB00E3827C /* APIResponse.swift */; };
		3CDDC1322613E92200E3827C /* SkyPickerAPIConfiguration.swift in Sources */ = {isa = PBXBuildFile; fileRef = 3CDDC1312613E92200E3827C /* SkyPickerAPIConfiguration.swift */; };
		3CDDC13C2613E9D700E3827C /* KiwiAPIConfiguration.swift in Sources */ = {isa = PBXBuildFile; fileRef = 3CDDC13B2613E9D700E3827C /* KiwiAPIConfiguration.swift */; };
		3CDDC154261487C100E3827C /* FlightsTableViewController.swift in Sources */ = {isa = PBXBuildFile; fileRef = 3CDDC153261487C100E3827C /* FlightsTableViewController.swift */; };
		3CDDC15F2614882700E3827C /* FlightTableViewCell.swift in Sources */ = {isa = PBXBuildFile; fileRef = 3CDDC15D2614882700E3827C /* FlightTableViewCell.swift */; };
		3CDDC1622614882700E3827C /* FlightTableViewCell.xib in Resources */ = {isa = PBXBuildFile; fileRef = 3CDDC15E2614882700E3827C /* FlightTableViewCell.xib */; };
		3CDDC1692614B97600E3827C /* FlightsViewModel.swift in Sources */ = {isa = PBXBuildFile; fileRef = 3CDDC1682614B97600E3827C /* FlightsViewModel.swift */; };
		3CDDC1762614E96100E3827C /* FlightRequest.swift in Sources */ = {isa = PBXBuildFile; fileRef = 3CDDC1752614E96100E3827C /* FlightRequest.swift */; };
		3CDDC17E2614EDDC00E3827C /* LocationManager.swift in Sources */ = {isa = PBXBuildFile; fileRef = 3CDDC17D2614EDDC00E3827C /* LocationManager.swift */; };
		3E6FF6500DD3B952002A8A11 /* libPods-Traveller-TravellerUITests.a in Frameworks */ = {isa = PBXBuildFile; fileRef = A145564D7CFDD59D6234AEAC /* libPods-Traveller-TravellerUITests.a */; };
		76BBD769426C05F809F4148C /* libPods-Traveller.a in Frameworks */ = {isa = PBXBuildFile; fileRef = 996D9CF1E3AD9C79BD38B018 /* libPods-Traveller.a */; };
		8BBB218C35F180B813841F54 /* libPods-TravellerTests.a in Frameworks */ = {isa = PBXBuildFile; fileRef = 86438D96670FECEC4D0E5720 /* libPods-TravellerTests.a */; };
/* End PBXBuildFile section */

/* Begin PBXContainerItemProxy section */
		3CDDC08F26137B4E00E3827C /* PBXContainerItemProxy */ = {
			isa = PBXContainerItemProxy;
			containerPortal = 3CDDC06D26137B4C00E3827C /* Project object */;
			proxyType = 1;
			remoteGlobalIDString = 3CDDC07426137B4C00E3827C;
			remoteInfo = Traveller;
		};
		3CDDC09A26137B4E00E3827C /* PBXContainerItemProxy */ = {
			isa = PBXContainerItemProxy;
			containerPortal = 3CDDC06D26137B4C00E3827C /* Project object */;
			proxyType = 1;
			remoteGlobalIDString = 3CDDC07426137B4C00E3827C;
			remoteInfo = Traveller;
		};
/* End PBXContainerItemProxy section */

/* Begin PBXFileReference section */
		3C667AF326176B2E00709902 /* Config.xcconfig */ = {isa = PBXFileReference; lastKnownFileType = text.xcconfig; path = Config.xcconfig; sourceTree = "<group>"; };
		3C667AF826176CBF00709902 /* Bundle+getInfoValue.swift */ = {isa = PBXFileReference; lastKnownFileType = sourcecode.swift; path = "Bundle+getInfoValue.swift"; sourceTree = "<group>"; };
		3C667B152617BC5E00709902 /* Date+Utils.swift */ = {isa = PBXFileReference; lastKnownFileType = sourcecode.swift; path = "Date+Utils.swift"; sourceTree = "<group>"; };
		3C667B1C2617E58A00709902 /* LocationRequest.swift */ = {isa = PBXFileReference; lastKnownFileType = sourcecode.swift; path = LocationRequest.swift; sourceTree = "<group>"; };
		3C667B232617E8E800709902 /* LocationResponse.swift */ = {isa = PBXFileReference; lastKnownFileType = sourcecode.swift; path = LocationResponse.swift; sourceTree = "<group>"; };
		3C667B2A2617E99E00709902 /* Location.swift */ = {isa = PBXFileReference; lastKnownFileType = sourcecode.swift; path = Location.swift; sourceTree = "<group>"; };
		3C667B312619C85A00709902 /* FlightCard.swift */ = {isa = PBXFileReference; lastKnownFileType = sourcecode.swift; path = FlightCard.swift; sourceTree = "<group>"; };
		3C667B3B261A015800709902 /* Int+toReadbleDuration.swift */ = {isa = PBXFileReference; lastKnownFileType = sourcecode.swift; path = "Int+toReadbleDuration.swift"; sourceTree = "<group>"; };
		3C667B46261A1B1C00709902 /* HomeViewController.swift */ = {isa = PBXFileReference; lastKnownFileType = sourcecode.swift; path = HomeViewController.swift; sourceTree = "<group>"; };
		3C667B8E261A90D900709902 /* FlightsFilterationTests.swift */ = {isa = PBXFileReference; lastKnownFileType = sourcecode.swift; path = FlightsFilterationTests.swift; sourceTree = "<group>"; };
		3C667B99261B130900709902 /* CoreDataStack.swift */ = {isa = PBXFileReference; lastKnownFileType = sourcecode.swift; path = CoreDataStack.swift; sourceTree = "<group>"; };
		3C667BA1261B13BD00709902 /* FlightsService.swift */ = {isa = PBXFileReference; lastKnownFileType = sourcecode.swift; path = FlightsService.swift; sourceTree = "<group>"; };
		3C667BB8261B16D000709902 /* FlightDstCity+CoreDataClass.swift */ = {isa = PBXFileReference; lastKnownFileType = sourcecode.swift; path = "FlightDstCity+CoreDataClass.swift"; sourceTree = "<group>"; };
		3C667BB9261B16D000709902 /* FlightDstCity+CoreDataProperties.swift */ = {isa = PBXFileReference; lastKnownFileType = sourcecode.swift; path = "FlightDstCity+CoreDataProperties.swift"; sourceTree = "<group>"; };
		3C667BC2261B177700709902 /* TestCoreDataStack.swift */ = {isa = PBXFileReference; lastKnownFileType = sourcecode.swift; path = TestCoreDataStack.swift; sourceTree = "<group>"; };
		3CDDC07526137B4C00E3827C /* Traveller.app */ = {isa = PBXFileReference; explicitFileType = wrapper.application; includeInIndex = 0; path = Traveller.app; sourceTree = BUILT_PRODUCTS_DIR; };
		3CDDC07826137B4C00E3827C /* AppDelegate.swift */ = {isa = PBXFileReference; lastKnownFileType = sourcecode.swift; path = AppDelegate.swift; sourceTree = "<group>"; };
		3CDDC07A26137B4C00E3827C /* SceneDelegate.swift */ = {isa = PBXFileReference; lastKnownFileType = sourcecode.swift; path = SceneDelegate.swift; sourceTree = "<group>"; };
		3CDDC07F26137B4C00E3827C /* Base */ = {isa = PBXFileReference; lastKnownFileType = file.storyboard; name = Base; path = Base.lproj/Main.storyboard; sourceTree = "<group>"; };
		3CDDC08226137B4C00E3827C /* Traveller.xcdatamodel */ = {isa = PBXFileReference; lastKnownFileType = wrapper.xcdatamodel; path = Traveller.xcdatamodel; sourceTree = "<group>"; };
		3CDDC08426137B4E00E3827C /* Assets.xcassets */ = {isa = PBXFileReference; lastKnownFileType = folder.assetcatalog; path = Assets.xcassets; sourceTree = "<group>"; };
		3CDDC08726137B4E00E3827C /* Base */ = {isa = PBXFileReference; lastKnownFileType = file.storyboard; name = Base; path = Base.lproj/LaunchScreen.storyboard; sourceTree = "<group>"; };
		3CDDC08926137B4E00E3827C /* Info.plist */ = {isa = PBXFileReference; lastKnownFileType = text.plist.xml; path = Info.plist; sourceTree = "<group>"; };
		3CDDC08E26137B4E00E3827C /* TravellerTests.xctest */ = {isa = PBXFileReference; explicitFileType = wrapper.cfbundle; includeInIndex = 0; path = TravellerTests.xctest; sourceTree = BUILT_PRODUCTS_DIR; };
		3CDDC09226137B4E00E3827C /* TravellerTests.swift */ = {isa = PBXFileReference; lastKnownFileType = sourcecode.swift; path = TravellerTests.swift; sourceTree = "<group>"; };
		3CDDC09426137B4E00E3827C /* Info.plist */ = {isa = PBXFileReference; lastKnownFileType = text.plist.xml; path = Info.plist; sourceTree = "<group>"; };
		3CDDC09926137B4E00E3827C /* TravellerUITests.xctest */ = {isa = PBXFileReference; explicitFileType = wrapper.cfbundle; includeInIndex = 0; path = TravellerUITests.xctest; sourceTree = BUILT_PRODUCTS_DIR; };
		3CDDC09D26137B4E00E3827C /* TravellerUITests.swift */ = {isa = PBXFileReference; lastKnownFileType = sourcecode.swift; path = TravellerUITests.swift; sourceTree = "<group>"; };
		3CDDC09F26137B4E00E3827C /* Info.plist */ = {isa = PBXFileReference; lastKnownFileType = text.plist.xml; path = Info.plist; sourceTree = "<group>"; };
		3CDDC0D02613A95900E3827C /* APIConstants.swift */ = {isa = PBXFileReference; lastKnownFileType = sourcecode.swift; path = APIConstants.swift; sourceTree = "<group>"; };
		3CDDC0DA2613AA3100E3827C /* APIClient.swift */ = {isa = PBXFileReference; lastKnownFileType = sourcecode.swift; path = APIClient.swift; sourceTree = "<group>"; };
		3CDDC0E72613AA7200E3827C /* APIConfiguration.swift */ = {isa = PBXFileReference; lastKnownFileType = sourcecode.swift; path = APIConfiguration.swift; sourceTree = "<group>"; };
		3CDDC0EE2613AD4F00E3827C /* NetworkTests.swift */ = {isa = PBXFileReference; lastKnownFileType = sourcecode.swift; path = NetworkTests.swift; sourceTree = "<group>"; };
		3CDDC10F2613B67A00E3827C /* Flight.swift */ = {isa = PBXFileReference; lastKnownFileType = sourcecode.swift; path = Flight.swift; sourceTree = "<group>"; };
		3CDDC1192613B6D900E3827C /* FlightResponse.swift */ = {isa = PBXFileReference; lastKnownFileType = sourcecode.swift; path = FlightResponse.swift; sourceTree = "<group>"; };
		3CDDC12A2613C9FB00E3827C /* APIResponse.swift */ = {isa = PBXFileReference; lastKnownFileType = sourcecode.swift; path = APIResponse.swift; sourceTree = "<group>"; };
		3CDDC1312613E92200E3827C /* SkyPickerAPIConfiguration.swift */ = {isa = PBXFileReference; lastKnownFileType = sourcecode.swift; path = SkyPickerAPIConfiguration.swift; sourceTree = "<group>"; };
		3CDDC13B2613E9D700E3827C /* KiwiAPIConfiguration.swift */ = {isa = PBXFileReference; lastKnownFileType = sourcecode.swift; path = KiwiAPIConfiguration.swift; sourceTree = "<group>"; };
		3CDDC153261487C100E3827C /* FlightsTableViewController.swift */ = {isa = PBXFileReference; lastKnownFileType = sourcecode.swift; path = FlightsTableViewController.swift; sourceTree = "<group>"; };
		3CDDC15D2614882700E3827C /* FlightTableViewCell.swift */ = {isa = PBXFileReference; lastKnownFileType = sourcecode.swift; path = FlightTableViewCell.swift; sourceTree = "<group>"; };
		3CDDC15E2614882700E3827C /* FlightTableViewCell.xib */ = {isa = PBXFileReference; lastKnownFileType = file.xib; path = FlightTableViewCell.xib; sourceTree = "<group>"; };
		3CDDC1682614B97600E3827C /* FlightsViewModel.swift */ = {isa = PBXFileReference; lastKnownFileType = sourcecode.swift; path = FlightsViewModel.swift; sourceTree = "<group>"; };
		3CDDC1752614E96100E3827C /* FlightRequest.swift */ = {isa = PBXFileReference; lastKnownFileType = sourcecode.swift; path = FlightRequest.swift; sourceTree = "<group>"; };
		3CDDC17D2614EDDC00E3827C /* LocationManager.swift */ = {isa = PBXFileReference; lastKnownFileType = sourcecode.swift; path = LocationManager.swift; sourceTree = "<group>"; };
		5F86D3DEDEDCF294AA731263 /* Pods-Traveller-TravellerUITests.debug.xcconfig */ = {isa = PBXFileReference; includeInIndex = 1; lastKnownFileType = text.xcconfig; name = "Pods-Traveller-TravellerUITests.debug.xcconfig"; path = "Target Support Files/Pods-Traveller-TravellerUITests/Pods-Traveller-TravellerUITests.debug.xcconfig"; sourceTree = "<group>"; };
		70E5B84412F2392E6BD386E5 /* Pods-Traveller.release.xcconfig */ = {isa = PBXFileReference; includeInIndex = 1; lastKnownFileType = text.xcconfig; name = "Pods-Traveller.release.xcconfig"; path = "Target Support Files/Pods-Traveller/Pods-Traveller.release.xcconfig"; sourceTree = "<group>"; };
		7B06F1AB3F5FDB79829B295C /* Pods-TravellerTests.release.xcconfig */ = {isa = PBXFileReference; includeInIndex = 1; lastKnownFileType = text.xcconfig; name = "Pods-TravellerTests.release.xcconfig"; path = "Target Support Files/Pods-TravellerTests/Pods-TravellerTests.release.xcconfig"; sourceTree = "<group>"; };
		86438D96670FECEC4D0E5720 /* libPods-TravellerTests.a */ = {isa = PBXFileReference; explicitFileType = archive.ar; includeInIndex = 0; path = "libPods-TravellerTests.a"; sourceTree = BUILT_PRODUCTS_DIR; };
		996D9CF1E3AD9C79BD38B018 /* libPods-Traveller.a */ = {isa = PBXFileReference; explicitFileType = archive.ar; includeInIndex = 0; path = "libPods-Traveller.a"; sourceTree = BUILT_PRODUCTS_DIR; };
		9AFA2BF70D7DB8977C5E7AD1 /* Pods-TravellerTests.debug.xcconfig */ = {isa = PBXFileReference; includeInIndex = 1; lastKnownFileType = text.xcconfig; name = "Pods-TravellerTests.debug.xcconfig"; path = "Target Support Files/Pods-TravellerTests/Pods-TravellerTests.debug.xcconfig"; sourceTree = "<group>"; };
		A145564D7CFDD59D6234AEAC /* libPods-Traveller-TravellerUITests.a */ = {isa = PBXFileReference; explicitFileType = archive.ar; includeInIndex = 0; path = "libPods-Traveller-TravellerUITests.a"; sourceTree = BUILT_PRODUCTS_DIR; };
		BBB05C625C0AB33A262DCA88 /* Pods-Traveller-TravellerUITests.release.xcconfig */ = {isa = PBXFileReference; includeInIndex = 1; lastKnownFileType = text.xcconfig; name = "Pods-Traveller-TravellerUITests.release.xcconfig"; path = "Target Support Files/Pods-Traveller-TravellerUITests/Pods-Traveller-TravellerUITests.release.xcconfig"; sourceTree = "<group>"; };
		F06C2DB43B8F8D2F7D523769 /* Pods-Traveller.debug.xcconfig */ = {isa = PBXFileReference; includeInIndex = 1; lastKnownFileType = text.xcconfig; name = "Pods-Traveller.debug.xcconfig"; path = "Target Support Files/Pods-Traveller/Pods-Traveller.debug.xcconfig"; sourceTree = "<group>"; };
/* End PBXFileReference section */

/* Begin PBXFrameworksBuildPhase section */
		3CDDC07226137B4C00E3827C /* Frameworks */ = {
			isa = PBXFrameworksBuildPhase;
			buildActionMask = 2147483647;
			files = (
				76BBD769426C05F809F4148C /* libPods-Traveller.a in Frameworks */,
			);
			runOnlyForDeploymentPostprocessing = 0;
		};
		3CDDC08B26137B4E00E3827C /* Frameworks */ = {
			isa = PBXFrameworksBuildPhase;
			buildActionMask = 2147483647;
			files = (
				8BBB218C35F180B813841F54 /* libPods-TravellerTests.a in Frameworks */,
			);
			runOnlyForDeploymentPostprocessing = 0;
		};
		3CDDC09626137B4E00E3827C /* Frameworks */ = {
			isa = PBXFrameworksBuildPhase;
			buildActionMask = 2147483647;
			files = (
				3E6FF6500DD3B952002A8A11 /* libPods-Traveller-TravellerUITests.a in Frameworks */,
			);
			runOnlyForDeploymentPostprocessing = 0;
		};
/* End PBXFrameworksBuildPhase section */

/* Begin PBXGroup section */
		0E3BE8333D7E6EDBDC3E9F34 /* Pods */ = {
			isa = PBXGroup;
			children = (
				F06C2DB43B8F8D2F7D523769 /* Pods-Traveller.debug.xcconfig */,
				70E5B84412F2392E6BD386E5 /* Pods-Traveller.release.xcconfig */,
				5F86D3DEDEDCF294AA731263 /* Pods-Traveller-TravellerUITests.debug.xcconfig */,
				BBB05C625C0AB33A262DCA88 /* Pods-Traveller-TravellerUITests.release.xcconfig */,
				9AFA2BF70D7DB8977C5E7AD1 /* Pods-TravellerTests.debug.xcconfig */,
				7B06F1AB3F5FDB79829B295C /* Pods-TravellerTests.release.xcconfig */,
			);
			path = Pods;
			sourceTree = "<group>";
		};
		3C667AF726176C1B00709902 /* Extensions */ = {
			isa = PBXGroup;
			children = (
				3C667AF826176CBF00709902 /* Bundle+getInfoValue.swift */,
				3C667B152617BC5E00709902 /* Date+Utils.swift */,
				3C667B3B261A015800709902 /* Int+toReadbleDuration.swift */,
			);
			path = Extensions;
			sourceTree = "<group>";
		};
		3C667B45261A1AEB00709902 /* Home */ = {
			isa = PBXGroup;
			children = (
				3C667B46261A1B1C00709902 /* HomeViewController.swift */,
			);
			path = Home;
			sourceTree = "<group>";
		};
		3C667B98261B12E100709902 /* Persistence */ = {
			isa = PBXGroup;
			children = (
				3C667BB8261B16D000709902 /* FlightDstCity+CoreDataClass.swift */,
				3C667BB9261B16D000709902 /* FlightDstCity+CoreDataProperties.swift */,
				3CDDC08126137B4C00E3827C /* Traveller.xcdatamodeld */,
				3C667B99261B130900709902 /* CoreDataStack.swift */,
				3C667BA1261B13BD00709902 /* FlightsService.swift */,
			);
			path = Persistence;
			sourceTree = "<group>";
		};
		3CDDC06C26137B4C00E3827C = {
			isa = PBXGroup;
			children = (
				3CDDC07726137B4C00E3827C /* Traveller */,
				3CDDC09126137B4E00E3827C /* TravellerTests */,
				3CDDC09C26137B4E00E3827C /* TravellerUITests */,
				3CDDC07626137B4C00E3827C /* Products */,
				0E3BE8333D7E6EDBDC3E9F34 /* Pods */,
				80AA0B84A43BE8E01F2D1128 /* Frameworks */,
			);
			sourceTree = "<group>";
		};
		3CDDC07626137B4C00E3827C /* Products */ = {
			isa = PBXGroup;
			children = (
				3CDDC07526137B4C00E3827C /* Traveller.app */,
				3CDDC08E26137B4E00E3827C /* TravellerTests.xctest */,
				3CDDC09926137B4E00E3827C /* TravellerUITests.xctest */,
			);
			name = Products;
			sourceTree = "<group>";
		};
		3CDDC07726137B4C00E3827C /* Traveller */ = {
			isa = PBXGroup;
			children = (
				3C667B98261B12E100709902 /* Persistence */,
				3C667AF726176C1B00709902 /* Extensions */,
				3CDDC17C2614EDC700E3827C /* Location */,
				3CDDC14D261486AF00E3827C /* Modules */,
				3CDDC10E2613B66200E3827C /* Models */,
				3CDDC0CF2613A92700E3827C /* Networking */,
				3CDDC0C02613852F00E3827C /* Commons */,
				3CDDC07E26137B4C00E3827C /* Main.storyboard */,
			);
			path = Traveller;
			sourceTree = "<group>";
		};
		3CDDC09126137B4E00E3827C /* TravellerTests */ = {
			isa = PBXGroup;
			children = (
				3CDDC09226137B4E00E3827C /* TravellerTests.swift */,
				3CDDC09426137B4E00E3827C /* Info.plist */,
				3CDDC0EE2613AD4F00E3827C /* NetworkTests.swift */,
				3C667B8E261A90D900709902 /* FlightsFilterationTests.swift */,
				3C667BC2261B177700709902 /* TestCoreDataStack.swift */,
			);
			path = TravellerTests;
			sourceTree = "<group>";
		};
		3CDDC09C26137B4E00E3827C /* TravellerUITests */ = {
			isa = PBXGroup;
			children = (
				3CDDC09D26137B4E00E3827C /* TravellerUITests.swift */,
				3CDDC09F26137B4E00E3827C /* Info.plist */,
			);
			path = TravellerUITests;
			sourceTree = "<group>";
		};
		3CDDC0C02613852F00E3827C /* Commons */ = {
			isa = PBXGroup;
			children = (
				3CDDC07826137B4C00E3827C /* AppDelegate.swift */,
				3CDDC07A26137B4C00E3827C /* SceneDelegate.swift */,
				3CDDC08426137B4E00E3827C /* Assets.xcassets */,
				3CDDC08926137B4E00E3827C /* Info.plist */,
				3CDDC08626137B4E00E3827C /* LaunchScreen.storyboard */,
				3C667AF326176B2E00709902 /* Config.xcconfig */,
			);
			path = Commons;
			sourceTree = "<group>";
		};
		3CDDC0CF2613A92700E3827C /* Networking */ = {
			isa = PBXGroup;
			children = (
				3CDDC0D02613A95900E3827C /* APIConstants.swift */,
				3CDDC0DA2613AA3100E3827C /* APIClient.swift */,
				3CDDC0E72613AA7200E3827C /* APIConfiguration.swift */,
				3CDDC1312613E92200E3827C /* SkyPickerAPIConfiguration.swift */,
				3CDDC13B2613E9D700E3827C /* KiwiAPIConfiguration.swift */,
			);
			path = Networking;
			sourceTree = "<group>";
		};
		3CDDC10E2613B66200E3827C /* Models */ = {
			isa = PBXGroup;
			children = (
				3CDDC10F2613B67A00E3827C /* Flight.swift */,
				3C667B312619C85A00709902 /* FlightCard.swift */,
				3CDDC1192613B6D900E3827C /* FlightResponse.swift */,
				3CDDC12A2613C9FB00E3827C /* APIResponse.swift */,
				3CDDC1752614E96100E3827C /* FlightRequest.swift */,
				3C667B1C2617E58A00709902 /* LocationRequest.swift */,
				3C667B232617E8E800709902 /* LocationResponse.swift */,
				3C667B2A2617E99E00709902 /* Location.swift */,
			);
			path = Models;
			sourceTree = "<group>";
		};
		3CDDC14D261486AF00E3827C /* Modules */ = {
			isa = PBXGroup;
			children = (
				3C667B45261A1AEB00709902 /* Home */,
				3CDDC1512614875300E3827C /* PopularFlights */,
			);
			path = Modules;
			sourceTree = "<group>";
		};
		3CDDC1512614875300E3827C /* PopularFlights */ = {
			isa = PBXGroup;
			children = (
				3CDDC1522614877100E3827C /* Views */,
				3CDDC153261487C100E3827C /* FlightsTableViewController.swift */,
				3CDDC1682614B97600E3827C /* FlightsViewModel.swift */,
			);
			path = PopularFlights;
			sourceTree = "<group>";
		};
		3CDDC1522614877100E3827C /* Views */ = {
			isa = PBXGroup;
			children = (
				3CDDC15D2614882700E3827C /* FlightTableViewCell.swift */,
				3CDDC15E2614882700E3827C /* FlightTableViewCell.xib */,
			);
			path = Views;
			sourceTree = "<group>";
		};
		3CDDC17C2614EDC700E3827C /* Location */ = {
			isa = PBXGroup;
			children = (
				3CDDC17D2614EDDC00E3827C /* LocationManager.swift */,
			);
			path = Location;
			sourceTree = "<group>";
		};
		80AA0B84A43BE8E01F2D1128 /* Frameworks */ = {
			isa = PBXGroup;
			children = (
				996D9CF1E3AD9C79BD38B018 /* libPods-Traveller.a */,
				A145564D7CFDD59D6234AEAC /* libPods-Traveller-TravellerUITests.a */,
				86438D96670FECEC4D0E5720 /* libPods-TravellerTests.a */,
			);
			name = Frameworks;
			sourceTree = "<group>";
		};
/* End PBXGroup section */

/* Begin PBXNativeTarget section */
		3CDDC07426137B4C00E3827C /* Traveller */ = {
			isa = PBXNativeTarget;
			buildConfigurationList = 3CDDC0A226137B4E00E3827C /* Build configuration list for PBXNativeTarget "Traveller" */;
			buildPhases = (
				095BC4517E240F87B070E991 /* [CP] Check Pods Manifest.lock */,
				3CDDC07126137B4C00E3827C /* Sources */,
				3CDDC07226137B4C00E3827C /* Frameworks */,
				3CDDC07326137B4C00E3827C /* Resources */,
			);
			buildRules = (
			);
			dependencies = (
			);
			name = Traveller;
			productName = Traveller;
			productReference = 3CDDC07526137B4C00E3827C /* Traveller.app */;
			productType = "com.apple.product-type.application";
		};
		3CDDC08D26137B4E00E3827C /* TravellerTests */ = {
			isa = PBXNativeTarget;
			buildConfigurationList = 3CDDC0A526137B4E00E3827C /* Build configuration list for PBXNativeTarget "TravellerTests" */;
			buildPhases = (
				7E967CDA3CF94D551050B6C7 /* [CP] Check Pods Manifest.lock */,
				3CDDC08A26137B4E00E3827C /* Sources */,
				3CDDC08B26137B4E00E3827C /* Frameworks */,
				3CDDC08C26137B4E00E3827C /* Resources */,
			);
			buildRules = (
			);
			dependencies = (
				3CDDC09026137B4E00E3827C /* PBXTargetDependency */,
			);
			name = TravellerTests;
			productName = TravellerTests;
			productReference = 3CDDC08E26137B4E00E3827C /* TravellerTests.xctest */;
			productType = "com.apple.product-type.bundle.unit-test";
		};
		3CDDC09826137B4E00E3827C /* TravellerUITests */ = {
			isa = PBXNativeTarget;
			buildConfigurationList = 3CDDC0A826137B4E00E3827C /* Build configuration list for PBXNativeTarget "TravellerUITests" */;
			buildPhases = (
				B2544B28EC6915917EEF9B00 /* [CP] Check Pods Manifest.lock */,
				3CDDC09526137B4E00E3827C /* Sources */,
				3CDDC09626137B4E00E3827C /* Frameworks */,
				3CDDC09726137B4E00E3827C /* Resources */,
			);
			buildRules = (
			);
			dependencies = (
				3CDDC09B26137B4E00E3827C /* PBXTargetDependency */,
			);
			name = TravellerUITests;
			productName = TravellerUITests;
			productReference = 3CDDC09926137B4E00E3827C /* TravellerUITests.xctest */;
			productType = "com.apple.product-type.bundle.ui-testing";
		};
/* End PBXNativeTarget section */

/* Begin PBXProject section */
		3CDDC06D26137B4C00E3827C /* Project object */ = {
			isa = PBXProject;
			attributes = {
				LastSwiftUpdateCheck = 1240;
				LastUpgradeCheck = 1240;
				TargetAttributes = {
					3CDDC07426137B4C00E3827C = {
						CreatedOnToolsVersion = 12.4;
					};
					3CDDC08D26137B4E00E3827C = {
						CreatedOnToolsVersion = 12.4;
						TestTargetID = 3CDDC07426137B4C00E3827C;
					};
					3CDDC09826137B4E00E3827C = {
						CreatedOnToolsVersion = 12.4;
						TestTargetID = 3CDDC07426137B4C00E3827C;
					};
				};
			};
			buildConfigurationList = 3CDDC07026137B4C00E3827C /* Build configuration list for PBXProject "Traveller" */;
			compatibilityVersion = "Xcode 9.3";
			developmentRegion = en;
			hasScannedForEncodings = 0;
			knownRegions = (
				en,
				Base,
			);
			mainGroup = 3CDDC06C26137B4C00E3827C;
			productRefGroup = 3CDDC07626137B4C00E3827C /* Products */;
			projectDirPath = "";
			projectRoot = "";
			targets = (
				3CDDC07426137B4C00E3827C /* Traveller */,
				3CDDC08D26137B4E00E3827C /* TravellerTests */,
				3CDDC09826137B4E00E3827C /* TravellerUITests */,
			);
		};
/* End PBXProject section */

/* Begin PBXResourcesBuildPhase section */
		3CDDC07326137B4C00E3827C /* Resources */ = {
			isa = PBXResourcesBuildPhase;
			buildActionMask = 2147483647;
			files = (
				3CDDC08826137B4E00E3827C /* LaunchScreen.storyboard in Resources */,
				3CDDC1622614882700E3827C /* FlightTableViewCell.xib in Resources */,
				3CDDC08526137B4E00E3827C /* Assets.xcassets in Resources */,
				3CDDC08026137B4C00E3827C /* Main.storyboard in Resources */,
			);
			runOnlyForDeploymentPostprocessing = 0;
		};
		3CDDC08C26137B4E00E3827C /* Resources */ = {
			isa = PBXResourcesBuildPhase;
			buildActionMask = 2147483647;
			files = (
			);
			runOnlyForDeploymentPostprocessing = 0;
		};
		3CDDC09726137B4E00E3827C /* Resources */ = {
			isa = PBXResourcesBuildPhase;
			buildActionMask = 2147483647;
			files = (
			);
			runOnlyForDeploymentPostprocessing = 0;
		};
/* End PBXResourcesBuildPhase section */

/* Begin PBXShellScriptBuildPhase section */
		095BC4517E240F87B070E991 /* [CP] Check Pods Manifest.lock */ = {
			isa = PBXShellScriptBuildPhase;
			buildActionMask = 2147483647;
			files = (
			);
			inputFileListPaths = (
			);
			inputPaths = (
				"${PODS_PODFILE_DIR_PATH}/Podfile.lock",
				"${PODS_ROOT}/Manifest.lock",
			);
			name = "[CP] Check Pods Manifest.lock";
			outputFileListPaths = (
			);
			outputPaths = (
				"$(DERIVED_FILE_DIR)/Pods-Traveller-checkManifestLockResult.txt",
			);
			runOnlyForDeploymentPostprocessing = 0;
			shellPath = /bin/sh;
			shellScript = "diff \"${PODS_PODFILE_DIR_PATH}/Podfile.lock\" \"${PODS_ROOT}/Manifest.lock\" > /dev/null\nif [ $? != 0 ] ; then\n    # print error to STDERR\n    echo \"error: The sandbox is not in sync with the Podfile.lock. Run 'pod install' or update your CocoaPods installation.\" >&2\n    exit 1\nfi\n# This output is used by Xcode 'outputs' to avoid re-running this script phase.\necho \"SUCCESS\" > \"${SCRIPT_OUTPUT_FILE_0}\"\n";
			showEnvVarsInLog = 0;
		};
		7E967CDA3CF94D551050B6C7 /* [CP] Check Pods Manifest.lock */ = {
			isa = PBXShellScriptBuildPhase;
			buildActionMask = 2147483647;
			files = (
			);
			inputFileListPaths = (
			);
			inputPaths = (
				"${PODS_PODFILE_DIR_PATH}/Podfile.lock",
				"${PODS_ROOT}/Manifest.lock",
			);
			name = "[CP] Check Pods Manifest.lock";
			outputFileListPaths = (
			);
			outputPaths = (
				"$(DERIVED_FILE_DIR)/Pods-TravellerTests-checkManifestLockResult.txt",
			);
			runOnlyForDeploymentPostprocessing = 0;
			shellPath = /bin/sh;
			shellScript = "diff \"${PODS_PODFILE_DIR_PATH}/Podfile.lock\" \"${PODS_ROOT}/Manifest.lock\" > /dev/null\nif [ $? != 0 ] ; then\n    # print error to STDERR\n    echo \"error: The sandbox is not in sync with the Podfile.lock. Run 'pod install' or update your CocoaPods installation.\" >&2\n    exit 1\nfi\n# This output is used by Xcode 'outputs' to avoid re-running this script phase.\necho \"SUCCESS\" > \"${SCRIPT_OUTPUT_FILE_0}\"\n";
			showEnvVarsInLog = 0;
		};
		B2544B28EC6915917EEF9B00 /* [CP] Check Pods Manifest.lock */ = {
			isa = PBXShellScriptBuildPhase;
			buildActionMask = 2147483647;
			files = (
			);
			inputFileListPaths = (
			);
			inputPaths = (
				"${PODS_PODFILE_DIR_PATH}/Podfile.lock",
				"${PODS_ROOT}/Manifest.lock",
			);
			name = "[CP] Check Pods Manifest.lock";
			outputFileListPaths = (
			);
			outputPaths = (
				"$(DERIVED_FILE_DIR)/Pods-Traveller-TravellerUITests-checkManifestLockResult.txt",
			);
			runOnlyForDeploymentPostprocessing = 0;
			shellPath = /bin/sh;
			shellScript = "diff \"${PODS_PODFILE_DIR_PATH}/Podfile.lock\" \"${PODS_ROOT}/Manifest.lock\" > /dev/null\nif [ $? != 0 ] ; then\n    # print error to STDERR\n    echo \"error: The sandbox is not in sync with the Podfile.lock. Run 'pod install' or update your CocoaPods installation.\" >&2\n    exit 1\nfi\n# This output is used by Xcode 'outputs' to avoid re-running this script phase.\necho \"SUCCESS\" > \"${SCRIPT_OUTPUT_FILE_0}\"\n";
			showEnvVarsInLog = 0;
		};
/* End PBXShellScriptBuildPhase section */

/* Begin PBXSourcesBuildPhase section */
		3CDDC07126137B4C00E3827C /* Sources */ = {
			isa = PBXSourcesBuildPhase;
			buildActionMask = 2147483647;
			files = (
				3C667B47261A1B1C00709902 /* HomeViewController.swift in Sources */,
				3CDDC1102613B67A00E3827C /* Flight.swift in Sources */,
				3CDDC1322613E92200E3827C /* SkyPickerAPIConfiguration.swift in Sources */,
				3C667B3C261A015900709902 /* Int+toReadbleDuration.swift in Sources */,
				3C667B242617E8E800709902 /* LocationResponse.swift in Sources */,
				3CDDC0D12613A95900E3827C /* APIConstants.swift in Sources */,
				3CDDC07926137B4C00E3827C /* AppDelegate.swift in Sources */,
				3C667B162617BC5E00709902 /* Date+Utils.swift in Sources */,
				3C667B1D2617E58B00709902 /* LocationRequest.swift in Sources */,
				3CDDC15F2614882700E3827C /* FlightTableViewCell.swift in Sources */,
				3CDDC07B26137B4C00E3827C /* SceneDelegate.swift in Sources */,
				3CDDC12B2613C9FB00E3827C /* APIResponse.swift in Sources */,
				3C667B322619C85A00709902 /* FlightCard.swift in Sources */,
				3CDDC17E2614EDDC00E3827C /* LocationManager.swift in Sources */,
				3CDDC08326137B4C00E3827C /* Traveller.xcdatamodeld in Sources */,
				3CDDC11A2613B6D900E3827C /* FlightResponse.swift in Sources */,
				3C667B2B2617E99E00709902 /* Location.swift in Sources */,
				3CDDC154261487C100E3827C /* FlightsTableViewController.swift in Sources */,
				3C667BBB261B16D000709902 /* FlightDstCity+CoreDataProperties.swift in Sources */,
				3C667AF926176CBF00709902 /* Bundle+getInfoValue.swift in Sources */,
				3C667B9A261B130900709902 /* CoreDataStack.swift in Sources */,
				3CDDC0E82613AA7200E3827C /* APIConfiguration.swift in Sources */,
				3C667BA2261B13BD00709902 /* FlightsService.swift in Sources */,
				3C667BBA261B16D000709902 /* FlightDstCity+CoreDataClass.swift in Sources */,
				3CDDC1692614B97600E3827C /* FlightsViewModel.swift in Sources */,
				3CDDC0DB2613AA3100E3827C /* APIClient.swift in Sources */,
				3CDDC1762614E96100E3827C /* FlightRequest.swift in Sources */,
				3CDDC13C2613E9D700E3827C /* KiwiAPIConfiguration.swift in Sources */,
			);
			runOnlyForDeploymentPostprocessing = 0;
		};
		3CDDC08A26137B4E00E3827C /* Sources */ = {
			isa = PBXSourcesBuildPhase;
			buildActionMask = 2147483647;
			files = (
				3CDDC0F02613AD4F00E3827C /* NetworkTests.swift in Sources */,
				3C667B8F261A90D900709902 /* FlightsFilterationTests.swift in Sources */,
				3CDDC09326137B4E00E3827C /* TravellerTests.swift in Sources */,
				3C667BC3261B177700709902 /* TestCoreDataStack.swift in Sources */,
			);
			runOnlyForDeploymentPostprocessing = 0;
		};
		3CDDC09526137B4E00E3827C /* Sources */ = {
			isa = PBXSourcesBuildPhase;
			buildActionMask = 2147483647;
			files = (
				3CDDC09E26137B4E00E3827C /* TravellerUITests.swift in Sources */,
			);
			runOnlyForDeploymentPostprocessing = 0;
		};
/* End PBXSourcesBuildPhase section */

/* Begin PBXTargetDependency section */
		3CDDC09026137B4E00E3827C /* PBXTargetDependency */ = {
			isa = PBXTargetDependency;
			target = 3CDDC07426137B4C00E3827C /* Traveller */;
			targetProxy = 3CDDC08F26137B4E00E3827C /* PBXContainerItemProxy */;
		};
		3CDDC09B26137B4E00E3827C /* PBXTargetDependency */ = {
			isa = PBXTargetDependency;
			target = 3CDDC07426137B4C00E3827C /* Traveller */;
			targetProxy = 3CDDC09A26137B4E00E3827C /* PBXContainerItemProxy */;
		};
/* End PBXTargetDependency section */

/* Begin PBXVariantGroup section */
		3CDDC07E26137B4C00E3827C /* Main.storyboard */ = {
			isa = PBXVariantGroup;
			children = (
				3CDDC07F26137B4C00E3827C /* Base */,
			);
			name = Main.storyboard;
			sourceTree = "<group>";
		};
		3CDDC08626137B4E00E3827C /* LaunchScreen.storyboard */ = {
			isa = PBXVariantGroup;
			children = (
				3CDDC08726137B4E00E3827C /* Base */,
			);
			name = LaunchScreen.storyboard;
			sourceTree = "<group>";
		};
/* End PBXVariantGroup section */

/* Begin XCBuildConfiguration section */
		3CDDC0A026137B4E00E3827C /* Debug */ = {
			isa = XCBuildConfiguration;
			baseConfigurationReference = 3C667AF326176B2E00709902 /* Config.xcconfig */;
			buildSettings = {
				ALWAYS_SEARCH_USER_PATHS = NO;
				CLANG_ANALYZER_NONNULL = YES;
				CLANG_ANALYZER_NUMBER_OBJECT_CONVERSION = YES_AGGRESSIVE;
				CLANG_CXX_LANGUAGE_STANDARD = "gnu++14";
				CLANG_CXX_LIBRARY = "libc++";
				CLANG_ENABLE_MODULES = YES;
				CLANG_ENABLE_OBJC_ARC = YES;
				CLANG_ENABLE_OBJC_WEAK = YES;
				CLANG_WARN_BLOCK_CAPTURE_AUTORELEASING = YES;
				CLANG_WARN_BOOL_CONVERSION = YES;
				CLANG_WARN_COMMA = YES;
				CLANG_WARN_CONSTANT_CONVERSION = YES;
				CLANG_WARN_DEPRECATED_OBJC_IMPLEMENTATIONS = YES;
				CLANG_WARN_DIRECT_OBJC_ISA_USAGE = YES_ERROR;
				CLANG_WARN_DOCUMENTATION_COMMENTS = YES;
				CLANG_WARN_EMPTY_BODY = YES;
				CLANG_WARN_ENUM_CONVERSION = YES;
				CLANG_WARN_INFINITE_RECURSION = YES;
				CLANG_WARN_INT_CONVERSION = YES;
				CLANG_WARN_NON_LITERAL_NULL_CONVERSION = YES;
				CLANG_WARN_OBJC_IMPLICIT_RETAIN_SELF = YES;
				CLANG_WARN_OBJC_LITERAL_CONVERSION = YES;
				CLANG_WARN_OBJC_ROOT_CLASS = YES_ERROR;
				CLANG_WARN_QUOTED_INCLUDE_IN_FRAMEWORK_HEADER = YES;
				CLANG_WARN_RANGE_LOOP_ANALYSIS = YES;
				CLANG_WARN_STRICT_PROTOTYPES = YES;
				CLANG_WARN_SUSPICIOUS_MOVE = YES;
				CLANG_WARN_UNGUARDED_AVAILABILITY = YES_AGGRESSIVE;
				CLANG_WARN_UNREACHABLE_CODE = YES;
				CLANG_WARN__DUPLICATE_METHOD_MATCH = YES;
				COPY_PHASE_STRIP = NO;
				DEBUG_INFORMATION_FORMAT = dwarf;
				ENABLE_STRICT_OBJC_MSGSEND = YES;
				ENABLE_TESTABILITY = YES;
				GCC_C_LANGUAGE_STANDARD = gnu11;
				GCC_DYNAMIC_NO_PIC = NO;
				GCC_NO_COMMON_BLOCKS = YES;
				GCC_OPTIMIZATION_LEVEL = 0;
				GCC_PREPROCESSOR_DEFINITIONS = (
					"DEBUG=1",
					"$(inherited)",
				);
				GCC_WARN_64_TO_32_BIT_CONVERSION = YES;
				GCC_WARN_ABOUT_RETURN_TYPE = YES_ERROR;
				GCC_WARN_UNDECLARED_SELECTOR = YES;
				GCC_WARN_UNINITIALIZED_AUTOS = YES_AGGRESSIVE;
				GCC_WARN_UNUSED_FUNCTION = YES;
				GCC_WARN_UNUSED_VARIABLE = YES;
				IPHONEOS_DEPLOYMENT_TARGET = 14.4;
				MTL_ENABLE_DEBUG_INFO = INCLUDE_SOURCE;
				MTL_FAST_MATH = YES;
				ONLY_ACTIVE_ARCH = YES;
				SDKROOT = iphoneos;
				SWIFT_ACTIVE_COMPILATION_CONDITIONS = DEBUG;
				SWIFT_OPTIMIZATION_LEVEL = "-Onone";
			};
			name = Debug;
		};
		3CDDC0A126137B4E00E3827C /* Release */ = {
			isa = XCBuildConfiguration;
			buildSettings = {
				ALWAYS_SEARCH_USER_PATHS = NO;
				CLANG_ANALYZER_NONNULL = YES;
				CLANG_ANALYZER_NUMBER_OBJECT_CONVERSION = YES_AGGRESSIVE;
				CLANG_CXX_LANGUAGE_STANDARD = "gnu++14";
				CLANG_CXX_LIBRARY = "libc++";
				CLANG_ENABLE_MODULES = YES;
				CLANG_ENABLE_OBJC_ARC = YES;
				CLANG_ENABLE_OBJC_WEAK = YES;
				CLANG_WARN_BLOCK_CAPTURE_AUTORELEASING = YES;
				CLANG_WARN_BOOL_CONVERSION = YES;
				CLANG_WARN_COMMA = YES;
				CLANG_WARN_CONSTANT_CONVERSION = YES;
				CLANG_WARN_DEPRECATED_OBJC_IMPLEMENTATIONS = YES;
				CLANG_WARN_DIRECT_OBJC_ISA_USAGE = YES_ERROR;
				CLANG_WARN_DOCUMENTATION_COMMENTS = YES;
				CLANG_WARN_EMPTY_BODY = YES;
				CLANG_WARN_ENUM_CONVERSION = YES;
				CLANG_WARN_INFINITE_RECURSION = YES;
				CLANG_WARN_INT_CONVERSION = YES;
				CLANG_WARN_NON_LITERAL_NULL_CONVERSION = YES;
				CLANG_WARN_OBJC_IMPLICIT_RETAIN_SELF = YES;
				CLANG_WARN_OBJC_LITERAL_CONVERSION = YES;
				CLANG_WARN_OBJC_ROOT_CLASS = YES_ERROR;
				CLANG_WARN_QUOTED_INCLUDE_IN_FRAMEWORK_HEADER = YES;
				CLANG_WARN_RANGE_LOOP_ANALYSIS = YES;
				CLANG_WARN_STRICT_PROTOTYPES = YES;
				CLANG_WARN_SUSPICIOUS_MOVE = YES;
				CLANG_WARN_UNGUARDED_AVAILABILITY = YES_AGGRESSIVE;
				CLANG_WARN_UNREACHABLE_CODE = YES;
				CLANG_WARN__DUPLICATE_METHOD_MATCH = YES;
				COPY_PHASE_STRIP = NO;
				DEBUG_INFORMATION_FORMAT = "dwarf-with-dsym";
				ENABLE_NS_ASSERTIONS = NO;
				ENABLE_STRICT_OBJC_MSGSEND = YES;
				GCC_C_LANGUAGE_STANDARD = gnu11;
				GCC_NO_COMMON_BLOCKS = YES;
				GCC_WARN_64_TO_32_BIT_CONVERSION = YES;
				GCC_WARN_ABOUT_RETURN_TYPE = YES_ERROR;
				GCC_WARN_UNDECLARED_SELECTOR = YES;
				GCC_WARN_UNINITIALIZED_AUTOS = YES_AGGRESSIVE;
				GCC_WARN_UNUSED_FUNCTION = YES;
				GCC_WARN_UNUSED_VARIABLE = YES;
				IPHONEOS_DEPLOYMENT_TARGET = 14.4;
				MTL_ENABLE_DEBUG_INFO = NO;
				MTL_FAST_MATH = YES;
				SDKROOT = iphoneos;
				SWIFT_COMPILATION_MODE = wholemodule;
				SWIFT_OPTIMIZATION_LEVEL = "-O";
				VALIDATE_PRODUCT = YES;
			};
			name = Release;
		};
		3CDDC0A326137B4E00E3827C /* Debug */ = {
			isa = XCBuildConfiguration;
			baseConfigurationReference = F06C2DB43B8F8D2F7D523769 /* Pods-Traveller.debug.xcconfig */;
			buildSettings = {
				ASSETCATALOG_COMPILER_APPICON_NAME = AppIcon;
				ASSETCATALOG_COMPILER_GLOBAL_ACCENT_COLOR_NAME = AccentColor;
				CODE_SIGN_STYLE = Automatic;
				DEVELOPMENT_TEAM = 9T9A8VLZFP;
				INFOPLIST_FILE = Traveller/Commons/Info.plist;
				LD_RUNPATH_SEARCH_PATHS = (
					"$(inherited)",
					"@executable_path/Frameworks",
				);
				PRODUCT_BUNDLE_IDENTIFIER = com.me.Traveller;
				PRODUCT_NAME = "$(TARGET_NAME)";
				SWIFT_VERSION = 5.0;
				TARGETED_DEVICE_FAMILY = "1,2";
			};
			name = Debug;
		};
		3CDDC0A426137B4E00E3827C /* Release */ = {
			isa = XCBuildConfiguration;
			baseConfigurationReference = 70E5B84412F2392E6BD386E5 /* Pods-Traveller.release.xcconfig */;
			buildSettings = {
				ASSETCATALOG_COMPILER_APPICON_NAME = AppIcon;
				ASSETCATALOG_COMPILER_GLOBAL_ACCENT_COLOR_NAME = AccentColor;
				CODE_SIGN_STYLE = Automatic;
				DEVELOPMENT_TEAM = 9T9A8VLZFP;
				INFOPLIST_FILE = Traveller/Commons/Info.plist;
				LD_RUNPATH_SEARCH_PATHS = (
					"$(inherited)",
					"@executable_path/Frameworks",
				);
				PRODUCT_BUNDLE_IDENTIFIER = com.me.Traveller;
				PRODUCT_NAME = "$(TARGET_NAME)";
				SWIFT_VERSION = 5.0;
				TARGETED_DEVICE_FAMILY = "1,2";
			};
			name = Release;
		};
		3CDDC0A626137B4E00E3827C /* Debug */ = {
			isa = XCBuildConfiguration;
			baseConfigurationReference = 9AFA2BF70D7DB8977C5E7AD1 /* Pods-TravellerTests.debug.xcconfig */;
			buildSettings = {
				ALWAYS_EMBED_SWIFT_STANDARD_LIBRARIES = YES;
				BUNDLE_LOADER = "$(TEST_HOST)";
				CODE_SIGN_STYLE = Automatic;
				DEVELOPMENT_TEAM = 9T9A8VLZFP;
				INFOPLIST_FILE = TravellerTests/Info.plist;
				IPHONEOS_DEPLOYMENT_TARGET = 14.4;
				LD_RUNPATH_SEARCH_PATHS = (
					"$(inherited)",
					"@executable_path/Frameworks",
					"@loader_path/Frameworks",
				);
				PRODUCT_BUNDLE_IDENTIFIER = com.me.TravellerTests;
				PRODUCT_NAME = "$(TARGET_NAME)";
				SWIFT_VERSION = 5.0;
				TARGETED_DEVICE_FAMILY = "1,2";
				TEST_HOST = "$(BUILT_PRODUCTS_DIR)/Traveller.app/Traveller";
			};
			name = Debug;
		};
		3CDDC0A726137B4E00E3827C /* Release */ = {
			isa = XCBuildConfiguration;
			baseConfigurationReference = 7B06F1AB3F5FDB79829B295C /* Pods-TravellerTests.release.xcconfig */;
			buildSettings = {
				ALWAYS_EMBED_SWIFT_STANDARD_LIBRARIES = YES;
				BUNDLE_LOADER = "$(TEST_HOST)";
				CODE_SIGN_STYLE = Automatic;
				DEVELOPMENT_TEAM = 9T9A8VLZFP;
				INFOPLIST_FILE = TravellerTests/Info.plist;
				IPHONEOS_DEPLOYMENT_TARGET = 14.4;
				LD_RUNPATH_SEARCH_PATHS = (
					"$(inherited)",
					"@executable_path/Frameworks",
					"@loader_path/Frameworks",
				);
				PRODUCT_BUNDLE_IDENTIFIER = com.me.TravellerTests;
				PRODUCT_NAME = "$(TARGET_NAME)";
				SWIFT_VERSION = 5.0;
				TARGETED_DEVICE_FAMILY = "1,2";
				TEST_HOST = "$(BUILT_PRODUCTS_DIR)/Traveller.app/Traveller";
			};
			name = Release;
		};
		3CDDC0A926137B4E00E3827C /* Debug */ = {
			isa = XCBuildConfiguration;
			baseConfigurationReference = 5F86D3DEDEDCF294AA731263 /* Pods-Traveller-TravellerUITests.debug.xcconfig */;
			buildSettings = {
				ALWAYS_EMBED_SWIFT_STANDARD_LIBRARIES = YES;
				CODE_SIGN_STYLE = Automatic;
				DEVELOPMENT_TEAM = 9T9A8VLZFP;
				INFOPLIST_FILE = TravellerUITests/Info.plist;
				LD_RUNPATH_SEARCH_PATHS = (
					"$(inherited)",
					"@executable_path/Frameworks",
					"@loader_path/Frameworks",
				);
				PRODUCT_BUNDLE_IDENTIFIER = com.me.TravellerUITests;
				PRODUCT_NAME = "$(TARGET_NAME)";
				SWIFT_VERSION = 5.0;
				TARGETED_DEVICE_FAMILY = "1,2";
				TEST_TARGET_NAME = Traveller;
			};
			name = Debug;
		};
		3CDDC0AA26137B4E00E3827C /* Release */ = {
			isa = XCBuildConfiguration;
			baseConfigurationReference = BBB05C625C0AB33A262DCA88 /* Pods-Traveller-TravellerUITests.release.xcconfig */;
			buildSettings = {
				ALWAYS_EMBED_SWIFT_STANDARD_LIBRARIES = YES;
				CODE_SIGN_STYLE = Automatic;
				DEVELOPMENT_TEAM = 9T9A8VLZFP;
				INFOPLIST_FILE = TravellerUITests/Info.plist;
				LD_RUNPATH_SEARCH_PATHS = (
					"$(inherited)",
					"@executable_path/Frameworks",
					"@loader_path/Frameworks",
				);
				PRODUCT_BUNDLE_IDENTIFIER = com.me.TravellerUITests;
				PRODUCT_NAME = "$(TARGET_NAME)";
				SWIFT_VERSION = 5.0;
				TARGETED_DEVICE_FAMILY = "1,2";
				TEST_TARGET_NAME = Traveller;
			};
			name = Release;
		};
/* End XCBuildConfiguration section */

/* Begin XCConfigurationList section */
		3CDDC07026137B4C00E3827C /* Build configuration list for PBXProject "Traveller" */ = {
			isa = XCConfigurationList;
			buildConfigurations = (
				3CDDC0A026137B4E00E3827C /* Debug */,
				3CDDC0A126137B4E00E3827C /* Release */,
			);
			defaultConfigurationIsVisible = 0;
			defaultConfigurationName = Release;
		};
		3CDDC0A226137B4E00E3827C /* Build configuration list for PBXNativeTarget "Traveller" */ = {
			isa = XCConfigurationList;
			buildConfigurations = (
				3CDDC0A326137B4E00E3827C /* Debug */,
				3CDDC0A426137B4E00E3827C /* Release */,
			);
			defaultConfigurationIsVisible = 0;
			defaultConfigurationName = Release;
		};
		3CDDC0A526137B4E00E3827C /* Build configuration list for PBXNativeTarget "TravellerTests" */ = {
			isa = XCConfigurationList;
			buildConfigurations = (
				3CDDC0A626137B4E00E3827C /* Debug */,
				3CDDC0A726137B4E00E3827C /* Release */,
			);
			defaultConfigurationIsVisible = 0;
			defaultConfigurationName = Release;
		};
		3CDDC0A826137B4E00E3827C /* Build configuration list for PBXNativeTarget "TravellerUITests" */ = {
			isa = XCConfigurationList;
			buildConfigurations = (
				3CDDC0A926137B4E00E3827C /* Debug */,
				3CDDC0AA26137B4E00E3827C /* Release */,
			);
			defaultConfigurationIsVisible = 0;
			defaultConfigurationName = Release;
		};
/* End XCConfigurationList section */

/* Begin XCVersionGroup section */
		3CDDC08126137B4C00E3827C /* Traveller.xcdatamodeld */ = {
			isa = XCVersionGroup;
			children = (
				3CDDC08226137B4C00E3827C /* Traveller.xcdatamodel */,
			);
			currentVersion = 3CDDC08226137B4C00E3827C /* Traveller.xcdatamodel */;
			path = Traveller.xcdatamodeld;
			sourceTree = "<group>";
			versionGroupType = wrapper.xcdatamodel;
		};
/* End XCVersionGroup section */
	};
	rootObject = 3CDDC06D26137B4C00E3827C /* Project object */;
}
